
Microsoft Visual Studio Solution File, Format Version 12.00
# Visual Studio Version 17
VisualStudioVersion = 17.5.33516.290
MinimumVisualStudioVersion = 10.0.40219.1
Project("{FAE04EC0-301F-11D3-BF4B-00C04F79EFBC}") = "SecondPartialAccountApi", "SecondPartialAccountApi\SecondPartialAccountApi.csproj", "{EC13F80A-0E39-4BE8-8058-D270351EE3BD}"
EndProject
Project("{FAE04EC0-301F-11D3-BF4B-00C04F79EFBC}") = "infraestructure", "infraestructure\infraestructure.csproj", "{BA19CE21-32DD-4131-89C4-6366690AE220}"
EndProject
Project("{FAE04EC0-301F-11D3-BF4B-00C04F79EFBC}") = "Services", "Services\Services.csproj", "{34FD92B8-57FF-429C-A21B-5EA3DB175AFC}"
EndProject
Global
	GlobalSection(SolutionConfigurationPlatforms) = preSolution
		Debug|Any CPU = Debug|Any CPU
		Release|Any CPU = Release|Any CPU
	EndGlobalSection
	GlobalSection(ProjectConfigurationPlatforms) = postSolution
		{EC13F80A-0E39-4BE8-8058-D270351EE3BD}.Debug|Any CPU.ActiveCfg = Debug|Any CPU
		{EC13F80A-0E39-4BE8-8058-D270351EE3BD}.Debug|Any CPU.Build.0 = Debug|Any CPU
		{EC13F80A-0E39-4BE8-8058-D270351EE3BD}.Release|Any CPU.ActiveCfg = Release|Any CPU
		{EC13F80A-0E39-4BE8-8058-D270351EE3BD}.Release|Any CPU.Build.0 = Release|Any CPU
		{BA19CE21-32DD-4131-89C4-6366690AE220}.Debug|Any CPU.ActiveCfg = Debug|Any CPU
		{BA19CE21-32DD-4131-89C4-6366690AE220}.Debug|Any CPU.Build.0 = Debug|Any CPU
		{BA19CE21-32DD-4131-89C4-6366690AE220}.Release|Any CPU.ActiveCfg = Release|Any CPU
		{BA19CE21-32DD-4131-89C4-6366690AE220}.Release|Any CPU.Build.0 = Release|Any CPU
		{34FD92B8-57FF-429C-A21B-5EA3DB175AFC}.Debug|Any CPU.ActiveCfg = Debug|Any CPU
		{34FD92B8-57FF-429C-A21B-5EA3DB175AFC}.Debug|Any CPU.Build.0 = Debug|Any CPU
		{34FD92B8-57FF-429C-A21B-5EA3DB175AFC}.Release|Any CPU.ActiveCfg = Release|Any CPU
		{34FD92B8-57FF-429C-A21B-5EA3DB175AFC}.Release|Any CPU.Build.0 = Release|Any CPU
	EndGlobalSection
	GlobalSection(SolutionProperties) = preSolution
		HideSolutionNode = FALSE
	EndGlobalSection
	GlobalSection(ExtensibilityGlobals) = postSolution
		SolutionGuid = {3C498D52-A8EA-47D8-B3BE-84F55B49BD3F}
	EndGlobalSection
EndGlobal
